
Microsoft Visual Studio Solution File, Format Version 12.00
# Visual Studio Version 17
VisualStudioVersion = 17.11.35312.102
MinimumVisualStudioVersion = 10.0.40219.1
Project("{FAE04EC0-301F-11D3-BF4B-00C04F79EFBC}") = "SCANHUB - INVENTARIO Y CAJA", "SCANHUB - INVENTARIO Y CAJA.csproj", "{0E1261AD-2D2A-48D7-AB0E-B8974A1AC5EB}"
EndProject
Global
	GlobalSection(SolutionConfigurationPlatforms) = preSolution
		Debug|Any CPU = Debug|Any CPU
		Release|Any CPU = Release|Any CPU
	EndGlobalSection
	GlobalSection(ProjectConfigurationPlatforms) = postSolution
		{0E1261AD-2D2A-48D7-AB0E-B8974A1AC5EB}.Debug|Any CPU.ActiveCfg = Debug|Any CPU
		{0E1261AD-2D2A-48D7-AB0E-B8974A1AC5EB}.Debug|Any CPU.Build.0 = Debug|Any CPU
		{0E1261AD-2D2A-48D7-AB0E-B8974A1AC5EB}.Release|Any CPU.ActiveCfg = Release|Any CPU
		{0E1261AD-2D2A-48D7-AB0E-B8974A1AC5EB}.Release|Any CPU.Build.0 = Release|Any CPU
	EndGlobalSection
	GlobalSection(SolutionProperties) = preSolution
		HideSolutionNode = FALSE
	EndGlobalSection
	GlobalSection(ExtensibilityGlobals) = postSolution
		SolutionGuid = {851E28D7-8FB5-458B-A6FE-0A07CA9BDC4D}
	EndGlobalSection
EndGlobal
